{
  "name": "waavi-test",
  "version": "0.0.1",
  "lockfileVersion": 1,
  "requires": true,
  "dependencies": {
    "@stencil/core": {
      "version": "1.8.1",
      "resolved": "https://globaldevtools.bbva.com:443/artifactory/api/npm/npm-repo/@stencil/core/-/core-1.8.1.tgz",
      "integrity": "sha1-mydIfbTvSsq/ImfvCf7iS7MuWRI=",
      "dev": true,
      "requires": {
        "typescript": "3.7.2"
      }
    },
    "typescript": {
      "version": "3.7.2",
      "resolved": "https://globaldevtools.bbva.com:443/artifactory/api/npm/npm-repo/typescript/-/typescript-3.7.2.tgz",
      "integrity": "sha1-J+SJuV+lkJRF6f717kjYFpetGPs=",
      "dev": true
    }
  }
}
